
Microsoft Visual Studio Solution File, Format Version 12.00
# Visual Studio Version 16
VisualStudioVersion = 16.0.31729.503
MinimumVisualStudioVersion = 10.0.40219.1
Project("{FAE04EC0-301F-11D3-BF4B-00C04F79EFBC}") = "Colorado.GeometryDataStructures", "GeometryDataStructures\Colorado.GeometryDataStructures.csproj", "{0E982AC4-020B-4CC6-8981-800BC1D26974}"
EndProject
Project("{FAE04EC0-301F-11D3-BF4B-00C04F79EFBC}") = "Colorado.OpenGL", "OpenGL\Colorado.OpenGL.csproj", "{C8E9CE02-6D44-40F2-A0ED-87B8CC0D4C14}"
EndProject
Project("{FAE04EC0-301F-11D3-BF4B-00C04F79EFBC}") = "Colorado.OpenGLWinForm", "OpenGLWinForm\Colorado.OpenGLWinForm.csproj", "{9340EBA1-3CB7-46DC-88B9-369763F5496D}"
EndProject
Project("{FAE04EC0-301F-11D3-BF4B-00C04F79EFBC}") = "Colorado.Viewer", "Viewer\Colorado.Viewer.csproj", "{AF0663EA-BD47-45D9-BF73-8C3AE984522A}"
EndProject
Project("{FAE04EC0-301F-11D3-BF4B-00C04F79EFBC}") = "Colorado.OpenGLWPF", "OpenGLWPF\Colorado.OpenGLWPF.csproj", "{0CACFFE7-8D8D-40B4-9416-AD712EF06CA9}"
EndProject
Global
	GlobalSection(SolutionConfigurationPlatforms) = preSolution
		Debug|x64 = Debug|x64
		Release|x64 = Release|x64
	EndGlobalSection
	GlobalSection(ProjectConfigurationPlatforms) = postSolution
		{0E982AC4-020B-4CC6-8981-800BC1D26974}.Debug|x64.ActiveCfg = Debug|x64
		{0E982AC4-020B-4CC6-8981-800BC1D26974}.Debug|x64.Build.0 = Debug|x64
		{0E982AC4-020B-4CC6-8981-800BC1D26974}.Release|x64.ActiveCfg = Release|x64
		{C8E9CE02-6D44-40F2-A0ED-87B8CC0D4C14}.Debug|x64.ActiveCfg = Debug|x64
		{C8E9CE02-6D44-40F2-A0ED-87B8CC0D4C14}.Debug|x64.Build.0 = Debug|x64
		{C8E9CE02-6D44-40F2-A0ED-87B8CC0D4C14}.Release|x64.ActiveCfg = Release|x64
		{9340EBA1-3CB7-46DC-88B9-369763F5496D}.Debug|x64.ActiveCfg = Debug|x64
		{9340EBA1-3CB7-46DC-88B9-369763F5496D}.Debug|x64.Build.0 = Debug|x64
		{9340EBA1-3CB7-46DC-88B9-369763F5496D}.Release|x64.ActiveCfg = Release|x64
		{AF0663EA-BD47-45D9-BF73-8C3AE984522A}.Debug|x64.ActiveCfg = Debug|x64
		{AF0663EA-BD47-45D9-BF73-8C3AE984522A}.Debug|x64.Build.0 = Debug|x64
		{AF0663EA-BD47-45D9-BF73-8C3AE984522A}.Release|x64.ActiveCfg = Release|x64
		{0CACFFE7-8D8D-40B4-9416-AD712EF06CA9}.Debug|x64.ActiveCfg = Debug|x64
		{0CACFFE7-8D8D-40B4-9416-AD712EF06CA9}.Debug|x64.Build.0 = Debug|x64
		{0CACFFE7-8D8D-40B4-9416-AD712EF06CA9}.Release|x64.ActiveCfg = Release|x64
	EndGlobalSection
	GlobalSection(SolutionProperties) = preSolution
		HideSolutionNode = FALSE
	EndGlobalSection
	GlobalSection(ExtensibilityGlobals) = postSolution
		SolutionGuid = {521723AB-3C0D-4F48-8A72-ABE2EEE6BEAF}
	EndGlobalSection
EndGlobal
