
Microsoft Visual Studio Solution File, Format Version 12.00
# Visual Studio Version 16
VisualStudioVersion = 16.0.31729.503
MinimumVisualStudioVersion = 10.0.40219.1
Project("{FAE04EC0-301F-11D3-BF4B-00C04F79EFBC}") = "GeometryDataStructures", "GeometryDataStructures\GeometryDataStructures.csproj", "{0E982AC4-020B-4CC6-8981-800BC1D26974}"
EndProject
Project("{FAE04EC0-301F-11D3-BF4B-00C04F79EFBC}") = "OpenGL", "OpenGL\OpenGL.csproj", "{C8E9CE02-6D44-40F2-A0ED-87B8CC0D4C14}"
EndProject
Project("{FAE04EC0-301F-11D3-BF4B-00C04F79EFBC}") = "OpenGLWinForm", "OpenGLWinForm\OpenGLWinForm.csproj", "{9340EBA1-3CB7-46DC-88B9-369763F5496D}"
EndProject
Global
	GlobalSection(SolutionConfigurationPlatforms) = preSolution
		Debug|Any CPU = Debug|Any CPU
		Debug|x64 = Debug|x64
		Release|Any CPU = Release|Any CPU
		Release|x64 = Release|x64
	EndGlobalSection
	GlobalSection(ProjectConfigurationPlatforms) = postSolution
		{0E982AC4-020B-4CC6-8981-800BC1D26974}.Debug|Any CPU.ActiveCfg = Debug|Any CPU
		{0E982AC4-020B-4CC6-8981-800BC1D26974}.Debug|Any CPU.Build.0 = Debug|Any CPU
		{0E982AC4-020B-4CC6-8981-800BC1D26974}.Debug|x64.ActiveCfg = Debug|Any CPU
		{0E982AC4-020B-4CC6-8981-800BC1D26974}.Debug|x64.Build.0 = Debug|Any CPU
		{0E982AC4-020B-4CC6-8981-800BC1D26974}.Release|Any CPU.ActiveCfg = Release|Any CPU
		{0E982AC4-020B-4CC6-8981-800BC1D26974}.Release|Any CPU.Build.0 = Release|Any CPU
		{0E982AC4-020B-4CC6-8981-800BC1D26974}.Release|x64.ActiveCfg = Release|Any CPU
		{0E982AC4-020B-4CC6-8981-800BC1D26974}.Release|x64.Build.0 = Release|Any CPU
		{C8E9CE02-6D44-40F2-A0ED-87B8CC0D4C14}.Debug|Any CPU.ActiveCfg = Debug|Any CPU
		{C8E9CE02-6D44-40F2-A0ED-87B8CC0D4C14}.Debug|Any CPU.Build.0 = Debug|Any CPU
		{C8E9CE02-6D44-40F2-A0ED-87B8CC0D4C14}.Debug|x64.ActiveCfg = Debug|Any CPU
		{C8E9CE02-6D44-40F2-A0ED-87B8CC0D4C14}.Debug|x64.Build.0 = Debug|Any CPU
		{C8E9CE02-6D44-40F2-A0ED-87B8CC0D4C14}.Release|Any CPU.ActiveCfg = Release|Any CPU
		{C8E9CE02-6D44-40F2-A0ED-87B8CC0D4C14}.Release|Any CPU.Build.0 = Release|Any CPU
		{C8E9CE02-6D44-40F2-A0ED-87B8CC0D4C14}.Release|x64.ActiveCfg = Release|Any CPU
		{C8E9CE02-6D44-40F2-A0ED-87B8CC0D4C14}.Release|x64.Build.0 = Release|Any CPU
		{9340EBA1-3CB7-46DC-88B9-369763F5496D}.Debug|Any CPU.ActiveCfg = Debug|Any CPU
		{9340EBA1-3CB7-46DC-88B9-369763F5496D}.Debug|Any CPU.Build.0 = Debug|Any CPU
		{9340EBA1-3CB7-46DC-88B9-369763F5496D}.Debug|x64.ActiveCfg = Debug|Any CPU
		{9340EBA1-3CB7-46DC-88B9-369763F5496D}.Debug|x64.Build.0 = Debug|Any CPU
		{9340EBA1-3CB7-46DC-88B9-369763F5496D}.Release|Any CPU.ActiveCfg = Release|Any CPU
		{9340EBA1-3CB7-46DC-88B9-369763F5496D}.Release|Any CPU.Build.0 = Release|Any CPU
		{9340EBA1-3CB7-46DC-88B9-369763F5496D}.Release|x64.ActiveCfg = Release|Any CPU
		{9340EBA1-3CB7-46DC-88B9-369763F5496D}.Release|x64.Build.0 = Release|Any CPU
	EndGlobalSection
	GlobalSection(SolutionProperties) = preSolution
		HideSolutionNode = FALSE
	EndGlobalSection
	GlobalSection(ExtensibilityGlobals) = postSolution
		SolutionGuid = {521723AB-3C0D-4F48-8A72-ABE2EEE6BEAF}
	EndGlobalSection
EndGlobal
